
Microsoft Visual Studio Solution File, Format Version 10.00
# Visual Studio 2008
Project("{FAE04EC0-301F-11D3-BF4B-00C04F79EFBC}") = "SIMPL", "SIMPL\SIMPL.csproj", "{824EA83B-C113-4C92-A2A8-475C8A60DB66}"
EndProject
Global
	GlobalSection(SolutionConfigurationPlatforms) = preSolution
		Debug|Any CPU = Debug|Any CPU
		Release|Any CPU = Release|Any CPU
	EndGlobalSection
	GlobalSection(ProjectConfigurationPlatforms) = postSolution
		{824EA83B-C113-4C92-A2A8-475C8A60DB66}.Debug|Any CPU.ActiveCfg = Debug|Any CPU
		{824EA83B-C113-4C92-A2A8-475C8A60DB66}.Debug|Any CPU.Build.0 = Debug|Any CPU
		{824EA83B-C113-4C92-A2A8-475C8A60DB66}.Release|Any CPU.ActiveCfg = Release|Any CPU
		{824EA83B-C113-4C92-A2A8-475C8A60DB66}.Release|Any CPU.Build.0 = Release|Any CPU
	EndGlobalSection
	GlobalSection(SolutionProperties) = preSolution
		HideSolutionNode = FALSE
	EndGlobalSection
EndGlobal
